
Microsoft Visual Studio Solution File, Format Version 12.00
# Visual Studio 15
VisualStudioVersion = 15.0.28010.2003
MinimumVisualStudioVersion = 10.0.40219.1
Project("{FAE04EC0-301F-11D3-BF4B-00C04F79EFBC}") = "SampleMvc_Web", "SampleMvc_Web\SampleMvc_Web.csproj", "{9980A66E-F9D3-4DD5-AE8F-693AF51EA32F}"
EndProject
Project("{FAE04EC0-301F-11D3-BF4B-00C04F79EFBC}") = "SampleMvc_Models", "SampleMvc_Models\SampleMvc_Models.csproj", "{7A0D3283-E13F-425E-B9FF-9C16A4E2FE0A}"
EndProject
Project("{FAE04EC0-301F-11D3-BF4B-00C04F79EFBC}") = "SampleMvc_Service", "SampleMvc_Service\SampleMvc_Service.csproj", "{C246C0A5-470B-4E93-8F35-741F78F988EE}"
EndProject
Global
	GlobalSection(SolutionConfigurationPlatforms) = preSolution
		Debug|Any CPU = Debug|Any CPU
		Release|Any CPU = Release|Any CPU
	EndGlobalSection
	GlobalSection(ProjectConfigurationPlatforms) = postSolution
		{9980A66E-F9D3-4DD5-AE8F-693AF51EA32F}.Debug|Any CPU.ActiveCfg = Debug|Any CPU
		{9980A66E-F9D3-4DD5-AE8F-693AF51EA32F}.Debug|Any CPU.Build.0 = Debug|Any CPU
		{9980A66E-F9D3-4DD5-AE8F-693AF51EA32F}.Release|Any CPU.ActiveCfg = Release|Any CPU
		{9980A66E-F9D3-4DD5-AE8F-693AF51EA32F}.Release|Any CPU.Build.0 = Release|Any CPU
		{7A0D3283-E13F-425E-B9FF-9C16A4E2FE0A}.Debug|Any CPU.ActiveCfg = Debug|Any CPU
		{7A0D3283-E13F-425E-B9FF-9C16A4E2FE0A}.Debug|Any CPU.Build.0 = Debug|Any CPU
		{7A0D3283-E13F-425E-B9FF-9C16A4E2FE0A}.Release|Any CPU.ActiveCfg = Release|Any CPU
		{7A0D3283-E13F-425E-B9FF-9C16A4E2FE0A}.Release|Any CPU.Build.0 = Release|Any CPU
		{C246C0A5-470B-4E93-8F35-741F78F988EE}.Debug|Any CPU.ActiveCfg = Debug|Any CPU
		{C246C0A5-470B-4E93-8F35-741F78F988EE}.Debug|Any CPU.Build.0 = Debug|Any CPU
		{C246C0A5-470B-4E93-8F35-741F78F988EE}.Release|Any CPU.ActiveCfg = Release|Any CPU
		{C246C0A5-470B-4E93-8F35-741F78F988EE}.Release|Any CPU.Build.0 = Release|Any CPU
	EndGlobalSection
	GlobalSection(SolutionProperties) = preSolution
		HideSolutionNode = FALSE
	EndGlobalSection
	GlobalSection(ExtensibilityGlobals) = postSolution
		SolutionGuid = {44502BE0-C486-4DFC-8CE9-1996DD16A831}
	EndGlobalSection
EndGlobal
